
Microsoft Visual Studio Solution File, Format Version 11.00
# Visual Studio 2010
Project("{FAE04EC0-301F-11D3-BF4B-00C04F79EFBC}") = "WormsLike", "Assembly-CSharp-firstpass.csproj", "{C90EF7AE-D9F1-C091-1B27-AB6EDD91C903}"
EndProject
Project("{FAE04EC0-301F-11D3-BF4B-00C04F79EFBC}") = "WormsLike", "Assembly-CSharp.csproj", "{77483D1C-89B9-5C9C-E2F8-8A35206B458A}"
EndProject
Project("{FAE04EC0-301F-11D3-BF4B-00C04F79EFBC}") = "WormsLike", "Assembly-CSharp-Editor.csproj", "{847FC351-96F5-A9CF-F830-4B36DC7A1068}"
EndProject
Global
	GlobalSection(SolutionConfigurationPlatforms) = preSolution
		Debug|Any CPU = Debug|Any CPU
		Release|Any CPU = Release|Any CPU
	EndGlobalSection
	GlobalSection(ProjectConfigurationPlatforms) = postSolution
		{C90EF7AE-D9F1-C091-1B27-AB6EDD91C903}.Debug|Any CPU.ActiveCfg = Debug|Any CPU
		{C90EF7AE-D9F1-C091-1B27-AB6EDD91C903}.Debug|Any CPU.Build.0 = Debug|Any CPU
		{C90EF7AE-D9F1-C091-1B27-AB6EDD91C903}.Release|Any CPU.ActiveCfg = Release|Any CPU
		{C90EF7AE-D9F1-C091-1B27-AB6EDD91C903}.Release|Any CPU.Build.0 = Release|Any CPU
		{77483D1C-89B9-5C9C-E2F8-8A35206B458A}.Debug|Any CPU.ActiveCfg = Debug|Any CPU
		{77483D1C-89B9-5C9C-E2F8-8A35206B458A}.Debug|Any CPU.Build.0 = Debug|Any CPU
		{77483D1C-89B9-5C9C-E2F8-8A35206B458A}.Release|Any CPU.ActiveCfg = Release|Any CPU
		{77483D1C-89B9-5C9C-E2F8-8A35206B458A}.Release|Any CPU.Build.0 = Release|Any CPU
		{847FC351-96F5-A9CF-F830-4B36DC7A1068}.Debug|Any CPU.ActiveCfg = Debug|Any CPU
		{847FC351-96F5-A9CF-F830-4B36DC7A1068}.Debug|Any CPU.Build.0 = Debug|Any CPU
		{847FC351-96F5-A9CF-F830-4B36DC7A1068}.Release|Any CPU.ActiveCfg = Release|Any CPU
		{847FC351-96F5-A9CF-F830-4B36DC7A1068}.Release|Any CPU.Build.0 = Release|Any CPU
	EndGlobalSection
	GlobalSection(SolutionProperties) = preSolution
		HideSolutionNode = FALSE
	EndGlobalSection
	GlobalSection(MonoDevelopProperties) = preSolution
		StartupItem = Assembly-CSharp.csproj
	EndGlobalSection
EndGlobal
