
Microsoft Visual Studio Solution File, Format Version 12.00
# Visual Studio 2017
Project("{FAE04EC0-301F-11D3-BF4B-00C04F79EFBC}") = "WormsLike.Plugins", "WormsLike.Plugins.csproj", "{CF37CFF4-4AB2-842B-E95F-986D101DA869}"
EndProject
Project("{FAE04EC0-301F-11D3-BF4B-00C04F79EFBC}") = "WormsLike", "WormsLike.csproj", "{002E81F9-BFBB-C956-88A0-0423A293FDEE}"
EndProject
Project("{FAE04EC0-301F-11D3-BF4B-00C04F79EFBC}") = "WormsLike.Editor", "WormsLike.Editor.csproj", "{2F8B9F03-F802-AF49-754E-F82A32930895}"
EndProject
Global
	GlobalSection(SolutionConfigurationPlatforms) = preSolution
		Debug|Any CPU = Debug|Any CPU
		Release|Any CPU = Release|Any CPU
	EndGlobalSection
	GlobalSection(ProjectConfigurationPlatforms) = postSolution
		{CF37CFF4-4AB2-842B-E95F-986D101DA869}.Debug|Any CPU.ActiveCfg = Debug|Any CPU
		{CF37CFF4-4AB2-842B-E95F-986D101DA869}.Debug|Any CPU.Build.0 = Debug|Any CPU
		{CF37CFF4-4AB2-842B-E95F-986D101DA869}.Release|Any CPU.ActiveCfg = Release|Any CPU
		{CF37CFF4-4AB2-842B-E95F-986D101DA869}.Release|Any CPU.Build.0 = Release|Any CPU
		{002E81F9-BFBB-C956-88A0-0423A293FDEE}.Debug|Any CPU.ActiveCfg = Debug|Any CPU
		{002E81F9-BFBB-C956-88A0-0423A293FDEE}.Debug|Any CPU.Build.0 = Debug|Any CPU
		{002E81F9-BFBB-C956-88A0-0423A293FDEE}.Release|Any CPU.ActiveCfg = Release|Any CPU
		{002E81F9-BFBB-C956-88A0-0423A293FDEE}.Release|Any CPU.Build.0 = Release|Any CPU
		{2F8B9F03-F802-AF49-754E-F82A32930895}.Debug|Any CPU.ActiveCfg = Debug|Any CPU
		{2F8B9F03-F802-AF49-754E-F82A32930895}.Debug|Any CPU.Build.0 = Debug|Any CPU
		{2F8B9F03-F802-AF49-754E-F82A32930895}.Release|Any CPU.ActiveCfg = Release|Any CPU
		{2F8B9F03-F802-AF49-754E-F82A32930895}.Release|Any CPU.Build.0 = Release|Any CPU
	EndGlobalSection
	GlobalSection(SolutionProperties) = preSolution
		HideSolutionNode = FALSE
	EndGlobalSection
EndGlobal
